{
    "version": 3,
    "terraform_version": "0.11.11",
    "serial": 3,
    "lineage": "13d5e701-4ee5-09f6-8479-2395d64f7a73",
    "modules": [
        {
            "path": [
                "root"
            ],
            "outputs": {
                "gcr_location": {
                    "sensitive": false,
                    "type": "string",
                    "value": "gcr.io/subreddit-sentiment-analysis"
                },
                "get-credentials-cmd": {
                    "sensitive": false,
                    "type": "string",
                    "value": "gcloud container clusters get-credentials subreddit-sentiment-analysis --zone europe-west2-a"
                }
            },
            "resources": {
                "data.google_container_registry_repository.subreddit-sentiment-analysis": {
                    "type": "google_container_registry_repository",
                    "depends_on": [],
                    "primary": {
                        "id": "gcr.io/subreddit-sentiment-analysis",
                        "attributes": {
                            "id": "gcr.io/subreddit-sentiment-analysis",
                            "project": "subreddit-sentiment-analysis",
                            "repository_url": "gcr.io/subreddit-sentiment-analysis"
                        },
                        "meta": {},
                        "tainted": false
                    },
                    "deposed": [],
                    "provider": "provider.google"
                },
                "google_container_cluster.subreddit-sentiment-analysis": {
                    "type": "google_container_cluster",
                    "depends_on": [
                        "local.disk_size_gb",
                        "local.initial_node_count",
                        "local.machine_type",
                        "local.oauth_scopes",
                        "local.zone"
                    ],
                    "primary": {
                        "id": "subreddit-sentiment-analysis",
                        "attributes": {
                            "additional_zones.#": "0",
                            "addons_config.#": "1",
                            "addons_config.0.horizontal_pod_autoscaling.#": "0",
                            "addons_config.0.http_load_balancing.#": "0",
                            "addons_config.0.kubernetes_dashboard.#": "1",
                            "addons_config.0.kubernetes_dashboard.0.disabled": "true",
                            "addons_config.0.network_policy_config.#": "1",
                            "addons_config.0.network_policy_config.0.disabled": "true",
                            "cluster_autoscaling.#": "0",
                            "cluster_ipv4_cidr": "10.48.0.0/14",
                            "description": "",
                            "enable_kubernetes_alpha": "false",
                            "enable_legacy_abac": "false",
                            "endpoint": "35.246.84.254",
                            "id": "subreddit-sentiment-analysis",
                            "initial_node_count": "3",
                            "instance_group_urls.#": "1",
                            "instance_group_urls.0": "https://www.googleapis.com/compute/v1/projects/subreddit-sentiment-analysis/zones/europe-west2-a/instanceGroups/gke-subreddit-sentiment--default-pool-56a2e7d7-grp",
                            "ip_allocation_policy.#": "0",
                            "location": "europe-west2-a",
                            "logging_service": "logging.googleapis.com",
                            "maintenance_policy.#": "0",
                            "master_auth.#": "1",
                            "master_auth.0.client_certificate": "LS0tLS1CRUdJTiBDRVJUSUZJQ0FURS0tLS0tCk1JSUMyakNDQWNLZ0F3SUJBZ0lRVVBibllpclRpeVVPOXgzK051VndzVEFOQmdrcWhraUc5dzBCQVFzRkFEQXYKTVMwd0t3WURWUVFERXlRM00yUmpNVGhoTUMxbE56RXhMVFJsTTJFdE9EQXpNUzFsTW1NellUZGtaV1kxTWpNdwpIaGNOTVRrd05UQTJNVGcwTXpVMFdoY05NalF3TlRBME1UZzBNelUwV2pBUk1ROHdEUVlEVlFRREV3WmpiR2xsCmJuUXdnZ0VpTUEwR0NTcUdTSWIzRFFFQkFRVUFBNElCRHdBd2dnRUtBb0lCQVFDNGp3UHo5N1o5eGpOMEphcHIKUXcreVc3QWZ3OTJrRWdmOXZCMXo4OVpDekx4eHRrSVRhQ3FFZlZhU0FPSVR3UWcwTVZiK0cwL3E2TDErWHo4RAp0ZzBKODZuRVZES3M0V2xDNGtHMSs4NnhkOGwzbzh3ZVZmL09UV1A2WDlxVGk3ems5ZVZFakJZTlI5amk3OXc4CmpQTUZkbmVnRkFoVG93TFdocEFOdkxVZWJJOWwycXFKaDZ1T1FuRzNBSWpEQ1FCYkRLN2pySUMvZUNhWHE0a1gKR0xucTV3aW1QZWswdnNQS0g5RnBJSElnZy95bDhacjA1RHZvQjVLVmkrRDFhL1g4U0JVWkFiYlpDYThidk9sZQpyRGxhQWJWY0pia2NKRW42dlZqeHdVMi9Yck1sR1U2OEE0aisweWs5c3BIZGxLRnVYQ210WEE1YVh2S3k3NXMwCmhmaFpBZ01CQUFHakVEQU9NQXdHQTFVZEV3RUIvd1FDTUFBd0RRWUpLb1pJaHZjTkFRRUxCUUFEZ2dFQkFBS0UKdkhsbkhFTmUzZmJQLzU0VGdva1dyNmxVRDBCc2QyN2ZqSzNsN0JKTEhJWXhtdXZwdjR3MjNzMi9NMVdFQnREOQpscDAwQmIwU0FqTFJMa2NnZU9lZ0xJdUNRam5ZZ0xvUDJ2S3FpczE3eUJvNEc2Qjl0SC9hUEdsaW9iY0xjcHdRCk5NMkN4ajU4TzRRdklDMHJPejVKYW9FNUVrdmJMWkZTekV0dmNOZDIycUZRWWRQTFRCY1Z5ZlpuRVMwalNqRDgKNDA5cGdXdFJVYkRjbldoanl6YUtaK3pmNGsxeGk0dUE4aU5ac0xZOE1YQ21UVEFXbHI2cWIxQS9LTU5ndGhWTApHbDhkR2ZnTGpOeEJycmMrbkdIK2lhS1pTYXBybFN0NjlPRGMzUHlmTzlwL2NmdnJHdUhwQmNHYlJpcWhjdEttCi9QUk5JU0RleDVRWlp1YXhjalk9Ci0tLS0tRU5EIENFUlRJRklDQVRFLS0tLS0K",
                            "master_auth.0.client_certificate_config.#": "0",
                            "master_auth.0.client_key": "LS0tLS1CRUdJTiBSU0EgUFJJVkFURSBLRVktLS0tLQpNSUlFb2dJQkFBS0NBUUVBdUk4RDgvZTJmY1l6ZENXcWEwTVBzbHV3SDhQZHBCSUgvYndkYy9QV1FzeThjYlpDCkUyZ3FoSDFXa2dEaUU4RUlOREZXL2h0UDZ1aTlmbDgvQTdZTkNmT3B4RlF5ck9GcFF1SkJ0ZnZPc1hmSmQ2UE0KSGxYL3prMWorbC9hazR1ODVQWGxSSXdXRFVmWTR1L2NQSXp6QlhaM29CUUlVNk1DMW9hUURieTFIbXlQWmRxcQppWWVyamtKeHR3Q0l3d2tBV3d5dTQ2eUF2M2dtbDZ1SkZ4aTU2dWNJcGozcE5MN0R5aC9SYVNCeUlJUDhwZkdhCjlPUTc2QWVTbFl2ZzlXdjEvRWdWR1FHMjJRbXZHN3pwWHF3NVdnRzFYQ1c1SENSSityMVk4Y0ZOdjE2ekpSbE8KdkFPSS90TXBQYktSM1pTaGJsd3ByVndPV2w3eXN1K2JOSVg0V1FJREFRQUJBb0lCQUFEazhkV21YdUswSnhVYwpXVVdvV3A1Y2lmOVk0YUpkTGtzajVZQ3FySWpJN0l5T0F6ZVpyN1I2ZXNUVHJndUNjblRobXU1TjFSQmtkT1ErCnZLalBBT2RYckFaR2hLeHNuZHdxYTNHYjRlTXdSeFk3Uk9wektlNVlhd3BjNXVhUmIyUVZGZnRLdENVMFpUUzMKR2t2TGxNUHExVzU0cm1FWWVwT01ZQk9NcGlUbWdPN3U4UDRhbjV0VTM4NXFqcCt4aWJ4L29FQ0JnVXdrYUIzUgpaTUZrc0R6UDdjY1pQTGVIbitjeENYb2kxNWNIN0h3c0RNWURIMzBYMmRXTk9MMys2TXFMUXczN3A3RllRMWZNCk80UnpFdzFjZ3pkaXJqSGcxWDZiaGpaUlIwZDdnQkRBSmlGMDA0ZjRaVVoxbU9ZdUFHZ3pQYUFyVlczdE5EV0UKMzlHWGxhRUNnWUVBNjJqOXhVVTJrRDYwcEVITTJNT2pGYWtqVk4rUmJEZXFHRXlteHEyczdzZGw5UW5TUXkrNgpRM2RLZm4yUWhEQy9MSWxoQVNHaHdmazZxUW51QnNZU2RMZERISFVnZWQwMXJFVUdlZHVrVlNaVDRJakw2SDdMClVGWjlnZGtCdDNqQUxUa29oWVlxQTNxa3dqQW55cHg5aTdocHJmUlN5UVF5UlNiTjl3TU9HSGtDZ1lFQXlMTnIKOTIwY3h5Wi84Sk40N1ppVldUbXNNLzdzaXRvMjBwZU1qVXVNeFVSdWNwRStybWxyL2lLM1Z5bEZDeXVnc2M0VQpEQUZDaDFYU0pFTjJIYU40OTN1UjJHVHdtK05WNmpGS3haNldaY0I0RDY0U1Z3cEVRRk1idEg5a2VmRVNybzQ0Cm92WlcwYWJCT2FsU0ZSemlaNzdQNFpWVnIvckNNQmRIT3VKa3B1RUNnWUJMZCtNekpOY3pNd2NTU1kzMFIvTzIKYy96QnJ0S2VFTkpVNiszamI3WXE3bjIvS3FEZnJTTlhrWnl1Skc3NkVlNlh4b3IwbytXSm0rNjBWbHlhaTFGTApYWjBFT0lCcTBRSHQ4a3I3TWZEaTQyQ3NjTzU5NEhncGp6QzVPZXFVK1A4VEFHbi9ORjJ2czlleDhXSXdVQzduClpmMXJLUktKSXZGQ3ZnZjFrbU1vY1FLQmdFZWZvRHdnZUZDcDhLYU9PbTJ3TWp3eFZMOEpqcWpPenhuQWM2eEkKOWVmQVVCb2FzMS9TeDNOZU9FZW10cmtSekxzbmJBZ011dzFKRjBGUndlazUyWVdZVjZmOS9jL2tCVmthVmpESQpNNndFVDlSb3JxclpReG9oanBXUGtPL2psR011NWc5aUVnR25uUFZTODdRTkpzOFhUV0NYeG9pUzJKSUkvS2FLCi9KaUJBb0dBYnNabGp1ZXliNzNNcmJGTU1ud010UEF3bVlXWFA2NlBNd1o5bE5mZC9qb2FMdU5uV3ZlNytsMkUKN010TTI3UGRqUE80K0VIYVhUV3Z6bUxQZVVSNE41L3l3V3EvSm9XL0xoVUF4SU44azBOUndQQy9iOEhnM1lCOQpxYXE0MnhuVkdEbWRhbU9JNmRPUUwyRDBkU3Y3M2FNVnZ5UnVqRXFuN2pqMGxNWWQ3NzQ9Ci0tLS0tRU5EIFJTQSBQUklWQVRFIEtFWS0tLS0tCg==",
                            "master_auth.0.cluster_ca_certificate": "LS0tLS1CRUdJTiBDRVJUSUZJQ0FURS0tLS0tCk1JSURERENDQWZTZ0F3SUJBZ0lSQUlUTTh3SlgyVzZYSERxS0JTS2JvSmt3RFFZSktvWklodmNOQVFFTEJRQXcKTHpFdE1Dc0dBMVVFQXhNa056TmtZekU0WVRBdFpUY3hNUzAwWlROaExUZ3dNekV0WlRKak0yRTNaR1ZtTlRJegpNQjRYRFRFNU1EVXdOakUzTkRNMU0xb1hEVEkwTURVd05ERTRORE0xTTFvd0x6RXRNQ3NHQTFVRUF4TWtOek5rCll6RTRZVEF0WlRjeE1TMDBaVE5oTFRnd016RXRaVEpqTTJFM1pHVm1OVEl6TUlJQklqQU5CZ2txaGtpRzl3MEIKQVFFRkFBT0NBUThBTUlJQkNnS0NBUUVBdWRvK2plQlpNWEZDcVoyTHA5SXlZZG95ejBIcEVqSTNMZktFNFgzbQphSzhaYVd2empBWmRKVXprQ3JrZXlZTjA4Nm5ZT1ZQQi9iemF0ZHRDanF4L3k1QjFoOFBacS84Mzc3VWFlSUxPCnpqczRzbWNsRmNSV3F3Y0dLRVZBZGRHVU1xVXV6UjUzSnllaW1tVTZCU2NXQlFQR0p2Mml2MjZnVHRaMjdWVTUKNjhFTDBEQTI0MUx1QmdvMHdLVHZkcW9PUkVZakhDbUUwUFRvQmkrWjBERWFSNTNmeldkU3JtWFRaVHZ3ZWRkUAp4SXNvZFJySzhlSEpteVRuVFdQMUF3UTluZHl4L0F3ZUY2TWFWa29XOFBnUEZYeHBOK2NzSXd1UWdnYU1CVmdlCndlUUlvTXFHY29VdVFGMmZSVklSZmFMbW5lbW5RWUxLM0RrdUJPNUF0YWZUandJREFRQUJveU13SVRBT0JnTlYKSFE4QkFmOEVCQU1DQWdRd0R3WURWUjBUQVFIL0JBVXdBd0VCL3pBTkJna3Foa2lHOXcwQkFRc0ZBQU9DQVFFQQpPVk1sNVVvZEkzcWxNdmMwYzdISmNnN3lFV2JOeXpwNWgxd2x6Q1hrUXZEWVhwVWxBSFhWUzdBSGNHanJyMGtECkpaaDBkaHNuNGNJOHNkaDNVWXg2VTcwcVZJNUVGeEd2R0U1Vzh5ZFU0eTMxY0tld2w0UksvTER6Y29VWHphOXkKOWJCNXNCTVIySWxqVmdoMklKOGkyUEw4MFlBTU5FTDJ1dHppeDV1THZzMlI1Y3lhN3JCNkx3ZjFJb2dnY2tETQp1NThuZjZvbmFVVkE2bnAzc0hZWmw0Yjd5dDlUclQ3aWE5WndEUmwySTg2RDl1ZXo3cUFxLzNlbkxhWFFIdUo0ClExZkRNSUIraVVML1lPOWVGK05YR1FzQVB5dUNyQTdjWlJwcHA5b2dCMmRRcHFqdGJWWmdjMlk1WlpUd3QzekIKNTZaSW9HaURzSmlXMCtNWWxYRDB4QT09Ci0tLS0tRU5EIENFUlRJRklDQVRFLS0tLS0K",
                            "master_auth.0.password": "GbefpujTTB1o315R",
                            "master_auth.0.username": "admin",
                            "master_authorized_networks_config.#": "0",
                            "master_version": "1.11.8-gke.6",
                            "monitoring_service": "monitoring.googleapis.com",
                            "name": "subreddit-sentiment-analysis",
                            "network": "projects/subreddit-sentiment-analysis/global/networks/default",
                            "network_policy.#": "1",
                            "network_policy.0.enabled": "false",
                            "network_policy.0.provider": "PROVIDER_UNSPECIFIED",
                            "node_config.#": "1",
                            "node_config.0.disk_size_gb": "10",
                            "node_config.0.disk_type": "pd-standard",
                            "node_config.0.guest_accelerator.#": "0",
                            "node_config.0.image_type": "COS",
                            "node_config.0.labels.%": "0",
                            "node_config.0.local_ssd_count": "0",
                            "node_config.0.machine_type": "n1-standard-1",
                            "node_config.0.metadata.%": "0",
                            "node_config.0.min_cpu_platform": "",
                            "node_config.0.oauth_scopes.#": "6",
                            "node_config.0.oauth_scopes.1277378754": "https://www.googleapis.com/auth/monitoring",
                            "node_config.0.oauth_scopes.1632638332": "https://www.googleapis.com/auth/devstorage.read_only",
                            "node_config.0.oauth_scopes.172152165": "https://www.googleapis.com/auth/logging.write",
                            "node_config.0.oauth_scopes.316356861": "https://www.googleapis.com/auth/service.management.readonly",
                            "node_config.0.oauth_scopes.3663490875": "https://www.googleapis.com/auth/servicecontrol",
                            "node_config.0.oauth_scopes.3859019814": "https://www.googleapis.com/auth/trace.append",
                            "node_config.0.preemptible": "false",
                            "node_config.0.service_account": "default",
                            "node_config.0.tags.#": "0",
                            "node_config.0.taint.#": "0",
                            "node_config.0.workload_metadata_config.#": "0",
                            "node_locations.#": "0",
                            "node_pool.#": "1",
                            "node_pool.0.autoscaling.#": "0",
                            "node_pool.0.initial_node_count": "3",
                            "node_pool.0.instance_group_urls.#": "1",
                            "node_pool.0.instance_group_urls.0": "https://www.googleapis.com/compute/v1/projects/subreddit-sentiment-analysis/zones/europe-west2-a/instanceGroupManagers/gke-subreddit-sentiment--default-pool-56a2e7d7-grp",
                            "node_pool.0.management.#": "1",
                            "node_pool.0.management.0.auto_repair": "false",
                            "node_pool.0.management.0.auto_upgrade": "false",
                            "node_pool.0.max_pods_per_node": "0",
                            "node_pool.0.name": "default-pool",
                            "node_pool.0.name_prefix": "",
                            "node_pool.0.node_config.#": "1",
                            "node_pool.0.node_config.0.disk_size_gb": "10",
                            "node_pool.0.node_config.0.disk_type": "pd-standard",
                            "node_pool.0.node_config.0.guest_accelerator.#": "0",
                            "node_pool.0.node_config.0.image_type": "COS",
                            "node_pool.0.node_config.0.labels.%": "0",
                            "node_pool.0.node_config.0.local_ssd_count": "0",
                            "node_pool.0.node_config.0.machine_type": "n1-standard-1",
                            "node_pool.0.node_config.0.metadata.%": "0",
                            "node_pool.0.node_config.0.min_cpu_platform": "",
                            "node_pool.0.node_config.0.oauth_scopes.#": "6",
                            "node_pool.0.node_config.0.oauth_scopes.1277378754": "https://www.googleapis.com/auth/monitoring",
                            "node_pool.0.node_config.0.oauth_scopes.1632638332": "https://www.googleapis.com/auth/devstorage.read_only",
                            "node_pool.0.node_config.0.oauth_scopes.172152165": "https://www.googleapis.com/auth/logging.write",
                            "node_pool.0.node_config.0.oauth_scopes.316356861": "https://www.googleapis.com/auth/service.management.readonly",
                            "node_pool.0.node_config.0.oauth_scopes.3663490875": "https://www.googleapis.com/auth/servicecontrol",
                            "node_pool.0.node_config.0.oauth_scopes.3859019814": "https://www.googleapis.com/auth/trace.append",
                            "node_pool.0.node_config.0.preemptible": "false",
                            "node_pool.0.node_config.0.service_account": "default",
                            "node_pool.0.node_config.0.tags.#": "0",
                            "node_pool.0.node_config.0.taint.#": "0",
                            "node_pool.0.node_config.0.workload_metadata_config.#": "0",
                            "node_pool.0.node_count": "3",
                            "node_pool.0.version": "1.11.8-gke.6",
                            "node_version": "1.11.8-gke.6",
                            "private_cluster_config.#": "0",
                            "project": "subreddit-sentiment-analysis",
                            "resource_labels.%": "0",
                            "subnetwork": "projects/subreddit-sentiment-analysis/regions/europe-west2/subnetworks/default",
                            "zone": "europe-west2-a"
                        },
                        "meta": {
                            "e2bfb730-ecaa-11e6-8f88-34363bc7c4c0": {
                                "create": 1800000000000,
                                "delete": 1800000000000,
                                "update": 1800000000000
                            },
                            "schema_version": "1"
                        },
                        "tainted": false
                    },
                    "deposed": [],
                    "provider": "provider.google"
                }
            },
            "depends_on": []
        }
    ]
}
